
Microsoft Visual Studio Solution File, Format Version 12.00
# Visual Studio 15
VisualStudioVersion = 15.0.27004.2010
MinimumVisualStudioVersion = 10.0.40219.1
Project("{FAE04EC0-301F-11D3-BF4B-00C04F79EFBC}") = "CodeAnalyzer", "CodeAnalyzer\CodeAnalyzer.csproj", "{159DC58B-0412-4B03-B691-F1E679EC7684}"
EndProject
Global
	GlobalSection(SolutionConfigurationPlatforms) = preSolution
		Debug|Any CPU = Debug|Any CPU
		Release|Any CPU = Release|Any CPU
	EndGlobalSection
	GlobalSection(ProjectConfigurationPlatforms) = postSolution
		{159DC58B-0412-4B03-B691-F1E679EC7684}.Debug|Any CPU.ActiveCfg = Debug|Any CPU
		{159DC58B-0412-4B03-B691-F1E679EC7684}.Debug|Any CPU.Build.0 = Debug|Any CPU
		{159DC58B-0412-4B03-B691-F1E679EC7684}.Release|Any CPU.ActiveCfg = Release|Any CPU
		{159DC58B-0412-4B03-B691-F1E679EC7684}.Release|Any CPU.Build.0 = Release|Any CPU
	EndGlobalSection
	GlobalSection(SolutionProperties) = preSolution
		HideSolutionNode = FALSE
	EndGlobalSection
	GlobalSection(ExtensibilityGlobals) = postSolution
		SolutionGuid = {74D53B1E-A4CC-42C5-A703-0DA7592170D5}
	EndGlobalSection
EndGlobal
